
Microsoft Visual Studio Solution File, Format Version 12.00
# Visual Studio Version 16
VisualStudioVersion = 16.0.29215.179
MinimumVisualStudioVersion = 10.0.40219.1
Project("{FAE04EC0-301F-11D3-BF4B-00C04F79EFBC}") = "Avatar", "Avatar\Avatar.csproj", "{DA42ACE2-0DC7-4D3D-B5AF-4539B123555F}"
EndProject
Global
	GlobalSection(SolutionConfigurationPlatforms) = preSolution
		Debug|Any CPU = Debug|Any CPU
		Release|Any CPU = Release|Any CPU
	EndGlobalSection
	GlobalSection(ProjectConfigurationPlatforms) = postSolution
		{DA42ACE2-0DC7-4D3D-B5AF-4539B123555F}.Debug|Any CPU.ActiveCfg = Debug|Any CPU
		{DA42ACE2-0DC7-4D3D-B5AF-4539B123555F}.Debug|Any CPU.Build.0 = Debug|Any CPU
		{DA42ACE2-0DC7-4D3D-B5AF-4539B123555F}.Release|Any CPU.ActiveCfg = Release|Any CPU
		{DA42ACE2-0DC7-4D3D-B5AF-4539B123555F}.Release|Any CPU.Build.0 = Release|Any CPU
	EndGlobalSection
	GlobalSection(SolutionProperties) = preSolution
		HideSolutionNode = FALSE
	EndGlobalSection
	GlobalSection(ExtensibilityGlobals) = postSolution
		SolutionGuid = {77434E3F-C8CB-46C6-9D0D-4D60301954A7}
	EndGlobalSection
EndGlobal
